
Microsoft Visual Studio Solution File, Format Version 12.00
# Visual Studio 2015
Project("{FAE04EC0-301F-11D3-BF4B-00C04F79EFBC}") = "VR Editor", "VR Editor.csproj", "{5918BF05-40C9-BB2E-3712-73ADEAB7907B}"
EndProject
Project("{FAE04EC0-301F-11D3-BF4B-00C04F79EFBC}") = "VR Editor.Editor", "VR Editor.Editor.csproj", "{08F08184-9751-327F-02DC-8947CB451C45}"
EndProject
Global
	GlobalSection(SolutionConfigurationPlatforms) = preSolution
		Debug|Any CPU = Debug|Any CPU
		Release|Any CPU = Release|Any CPU
	EndGlobalSection
	GlobalSection(ProjectConfigurationPlatforms) = postSolution
		{5918BF05-40C9-BB2E-3712-73ADEAB7907B}.Debug|Any CPU.ActiveCfg = Debug|Any CPU
		{5918BF05-40C9-BB2E-3712-73ADEAB7907B}.Debug|Any CPU.Build.0 = Debug|Any CPU
		{5918BF05-40C9-BB2E-3712-73ADEAB7907B}.Release|Any CPU.ActiveCfg = Release|Any CPU
		{5918BF05-40C9-BB2E-3712-73ADEAB7907B}.Release|Any CPU.Build.0 = Release|Any CPU
		{08F08184-9751-327F-02DC-8947CB451C45}.Debug|Any CPU.ActiveCfg = Debug|Any CPU
		{08F08184-9751-327F-02DC-8947CB451C45}.Debug|Any CPU.Build.0 = Debug|Any CPU
		{08F08184-9751-327F-02DC-8947CB451C45}.Release|Any CPU.ActiveCfg = Release|Any CPU
		{08F08184-9751-327F-02DC-8947CB451C45}.Release|Any CPU.Build.0 = Release|Any CPU
	EndGlobalSection
	GlobalSection(SolutionProperties) = preSolution
		HideSolutionNode = FALSE
	EndGlobalSection
EndGlobal
